// !$*UTF8*$!
{
	archiveVersion = 1;
	classes = {
	};
	objectVersion = 50;
	objects = {

/* Begin PBXBuildFile section */
		FD58B8CD2657C2E800BD9CE3 /* Main.storyboard in Resources */ = {isa = PBXBuildFile; fileRef = FD58B8CB2657C2E800BD9CE3 /* Main.storyboard */; };
		FD58B8CF2657C2EA00BD9CE3 /* Assets.xcassets in Resources */ = {isa = PBXBuildFile; fileRef = FD58B8CE2657C2EA00BD9CE3 /* Assets.xcassets */; };
		FD58B8D22657C2EA00BD9CE3 /* LaunchScreen.storyboard in Resources */ = {isa = PBXBuildFile; fileRef = FD58B8D02657C2EA00BD9CE3 /* LaunchScreen.storyboard */; };
		FD58B8E82657C2EB00BD9CE3 /* SharecareUITests.swift in Sources */ = {isa = PBXBuildFile; fileRef = FD58B8E72657C2EB00BD9CE3 /* SharecareUITests.swift */; };
		FD58B8FB2657C60900BD9CE3 /* AppDelegate.swift in Sources */ = {isa = PBXBuildFile; fileRef = FD58B8F92657C60900BD9CE3 /* AppDelegate.swift */; };
		FD58B8FC2657C60900BD9CE3 /* SceneDelegate.swift in Sources */ = {isa = PBXBuildFile; fileRef = FD58B8FA2657C60900BD9CE3 /* SceneDelegate.swift */; };
		FD58B9092657C81700BD9CE3 /* EventSearchViewController.swift in Sources */ = {isa = PBXBuildFile; fileRef = FD58B9082657C81700BD9CE3 /* EventSearchViewController.swift */; };
		FD58B9202657C8EB00BD9CE3 /* EventSearchViewModel.swift in Sources */ = {isa = PBXBuildFile; fileRef = FD58B91F2657C8EB00BD9CE3 /* EventSearchViewModel.swift */; };
		FD5B52BA265A336E004DB83C /* EventDetailCell.swift in Sources */ = {isa = PBXBuildFile; fileRef = FD5B52B9265A336E004DB83C /* EventDetailCell.swift */; };
		FD5B52BE265A337B004DB83C /* EventDetailCell.xib in Resources */ = {isa = PBXBuildFile; fileRef = FD5B52BD265A337B004DB83C /* EventDetailCell.xib */; };
		FD7C16B1265912AD00A6BE0D /* TableCellRegisterable.swift in Sources */ = {isa = PBXBuildFile; fileRef = FD7C16B0265912AD00A6BE0D /* TableCellRegisterable.swift */; };
		FD7C16B7265918AA00A6BE0D /* EventSearchResultCell.swift in Sources */ = {isa = PBXBuildFile; fileRef = FD7C16B6265918AA00A6BE0D /* EventSearchResultCell.swift */; };
		FD7C16CE265934A500A6BE0D /* EventSearchResultCell.xib in Resources */ = {isa = PBXBuildFile; fileRef = FD7C16CD265934A500A6BE0D /* EventSearchResultCell.xib */; };
		FD7C16D2265939C500A6BE0D /* Theme.swift in Sources */ = {isa = PBXBuildFile; fileRef = FD7C16D1265939C500A6BE0D /* Theme.swift */; };
		FD7C16D82659435E00A6BE0D /* EventDetailViewController.swift in Sources */ = {isa = PBXBuildFile; fileRef = FD7C16D72659435E00A6BE0D /* EventDetailViewController.swift */; };
		FD7C16DE2659437900A6BE0D /* EventDetailViewModel.swift in Sources */ = {isa = PBXBuildFile; fileRef = FD7C16DD2659437900A6BE0D /* EventDetailViewModel.swift */; };
		FD7C16EF26594ACD00A6BE0D /* StoryboardGettable.swift in Sources */ = {isa = PBXBuildFile; fileRef = FD7C16EE26594ACD00A6BE0D /* StoryboardGettable.swift */; };
		FD7CF90F265A4E3100D246A8 /* BottomButton.swift in Sources */ = {isa = PBXBuildFile; fileRef = FD7CF90E265A4E3100D246A8 /* BottomButton.swift */; };
		FD7CF913265A50CF00D246A8 /* EventSearchViewControllerTest.swift in Sources */ = {isa = PBXBuildFile; fileRef = FD7CF912265A50CF00D246A8 /* EventSearchViewControllerTest.swift */; };
		FD7CF919265A511300D246A8 /* MirrorObject.swift in Sources */ = {isa = PBXBuildFile; fileRef = FD7CF918265A511300D246A8 /* MirrorObject.swift */; };
		FD7CF927265A526000D246A8 /* MockAPI.swift in Sources */ = {isa = PBXBuildFile; fileRef = FD7CF926265A526000D246A8 /* MockAPI.swift */; };
		FD7CF92B265A5E1800D246A8 /* DTOExtensions.swift in Sources */ = {isa = PBXBuildFile; fileRef = FD7CF92A265A5E1800D246A8 /* DTOExtensions.swift */; };
		FD7CF92F265A6B0C00D246A8 /* EventDetailViewControllerTests.swift in Sources */ = {isa = PBXBuildFile; fileRef = FD7CF92E265A6B0C00D246A8 /* EventDetailViewControllerTests.swift */; };
		FD8BA1242658D84400C51685 /* Events.framework in Frameworks */ = {isa = PBXBuildFile; fileRef = FD8BA1232658D84400C51685 /* Events.framework */; };
		FD8BA1252658D84400C51685 /* Events.framework in Embed Frameworks */ = {isa = PBXBuildFile; fileRef = FD8BA1232658D84400C51685 /* Events.framework */; settings = {ATTRIBUTES = (CodeSignOnCopy, RemoveHeadersOnCopy, ); }; };
		FD8BA1282658D84800C51685 /* NetworkConnection.framework in Frameworks */ = {isa = PBXBuildFile; fileRef = FD8BA1272658D84800C51685 /* NetworkConnection.framework */; };
		FD8BA1292658D84800C51685 /* NetworkConnection.framework in Embed Frameworks */ = {isa = PBXBuildFile; fileRef = FD8BA1272658D84800C51685 /* NetworkConnection.framework */; settings = {ATTRIBUTES = (CodeSignOnCopy, RemoveHeadersOnCopy, ); }; };
		FD9A6CAC265A71CA001F7106 /* MockAlertPresenter.swift in Sources */ = {isa = PBXBuildFile; fileRef = FD9A6CAB265A71CA001F7106 /* MockAlertPresenter.swift */; };
		FDA8CF712659032000994209 /* AlertPresenter.swift in Sources */ = {isa = PBXBuildFile; fileRef = FDA8CF702659032000994209 /* AlertPresenter.swift */; };
/* End PBXBuildFile section */

/* Begin PBXContainerItemProxy section */
		FD58B8D92657C2EA00BD9CE3 /* PBXContainerItemProxy */ = {
			isa = PBXContainerItemProxy;
			containerPortal = FD58B8BA2657C2E800BD9CE3 /* Project object */;
			proxyType = 1;
			remoteGlobalIDString = FD58B8C12657C2E800BD9CE3;
			remoteInfo = Sharecare;
		};
		FD58B8E42657C2EB00BD9CE3 /* PBXContainerItemProxy */ = {
			isa = PBXContainerItemProxy;
			containerPortal = FD58B8BA2657C2E800BD9CE3 /* Project object */;
			proxyType = 1;
			remoteGlobalIDString = FD58B8C12657C2E800BD9CE3;
			remoteInfo = Sharecare;
		};
/* End PBXContainerItemProxy section */

/* Begin PBXCopyFilesBuildPhase section */
		FD8BA1262658D84400C51685 /* Embed Frameworks */ = {
			isa = PBXCopyFilesBuildPhase;
			buildActionMask = 2147483647;
			dstPath = "";
			dstSubfolderSpec = 10;
			files = (
				FD8BA1252658D84400C51685 /* Events.framework in Embed Frameworks */,
				FD8BA1292658D84800C51685 /* NetworkConnection.framework in Embed Frameworks */,
			);
			name = "Embed Frameworks";
			runOnlyForDeploymentPostprocessing = 0;
		};
/* End PBXCopyFilesBuildPhase section */

/* Begin PBXFileReference section */
		FD58B8C22657C2E800BD9CE3 /* Sharecare.app */ = {isa = PBXFileReference; explicitFileType = wrapper.application; includeInIndex = 0; path = Sharecare.app; sourceTree = BUILT_PRODUCTS_DIR; };
		FD58B8CC2657C2E800BD9CE3 /* Base */ = {isa = PBXFileReference; lastKnownFileType = file.storyboard; name = Base; path = Base.lproj/Main.storyboard; sourceTree = "<group>"; };
		FD58B8CE2657C2EA00BD9CE3 /* Assets.xcassets */ = {isa = PBXFileReference; lastKnownFileType = folder.assetcatalog; path = Assets.xcassets; sourceTree = "<group>"; };
		FD58B8D12657C2EA00BD9CE3 /* Base */ = {isa = PBXFileReference; lastKnownFileType = file.storyboard; name = Base; path = Base.lproj/LaunchScreen.storyboard; sourceTree = "<group>"; };
		FD58B8D32657C2EA00BD9CE3 /* Info.plist */ = {isa = PBXFileReference; lastKnownFileType = text.plist.xml; path = Info.plist; sourceTree = "<group>"; };
		FD58B8D82657C2EA00BD9CE3 /* SharecareTests.xctest */ = {isa = PBXFileReference; explicitFileType = wrapper.cfbundle; includeInIndex = 0; path = SharecareTests.xctest; sourceTree = BUILT_PRODUCTS_DIR; };
		FD58B8DE2657C2EA00BD9CE3 /* Info.plist */ = {isa = PBXFileReference; lastKnownFileType = text.plist.xml; path = Info.plist; sourceTree = "<group>"; };
		FD58B8E32657C2EB00BD9CE3 /* SharecareUITests.xctest */ = {isa = PBXFileReference; explicitFileType = wrapper.cfbundle; includeInIndex = 0; path = SharecareUITests.xctest; sourceTree = BUILT_PRODUCTS_DIR; };
		FD58B8E72657C2EB00BD9CE3 /* SharecareUITests.swift */ = {isa = PBXFileReference; lastKnownFileType = sourcecode.swift; path = SharecareUITests.swift; sourceTree = "<group>"; };
		FD58B8E92657C2EB00BD9CE3 /* Info.plist */ = {isa = PBXFileReference; lastKnownFileType = text.plist.xml; path = Info.plist; sourceTree = "<group>"; };
		FD58B8F92657C60900BD9CE3 /* AppDelegate.swift */ = {isa = PBXFileReference; fileEncoding = 4; lastKnownFileType = sourcecode.swift; path = AppDelegate.swift; sourceTree = "<group>"; };
		FD58B8FA2657C60900BD9CE3 /* SceneDelegate.swift */ = {isa = PBXFileReference; fileEncoding = 4; lastKnownFileType = sourcecode.swift; path = SceneDelegate.swift; sourceTree = "<group>"; };
		FD58B9082657C81700BD9CE3 /* EventSearchViewController.swift */ = {isa = PBXFileReference; lastKnownFileType = sourcecode.swift; path = EventSearchViewController.swift; sourceTree = "<group>"; };
		FD58B91F2657C8EB00BD9CE3 /* EventSearchViewModel.swift */ = {isa = PBXFileReference; lastKnownFileType = sourcecode.swift; path = EventSearchViewModel.swift; sourceTree = "<group>"; };
		FD5B52B9265A336E004DB83C /* EventDetailCell.swift */ = {isa = PBXFileReference; lastKnownFileType = sourcecode.swift; path = EventDetailCell.swift; sourceTree = "<group>"; };
		FD5B52BD265A337B004DB83C /* EventDetailCell.xib */ = {isa = PBXFileReference; lastKnownFileType = file.xib; path = EventDetailCell.xib; sourceTree = "<group>"; };
		FD7C16B0265912AD00A6BE0D /* TableCellRegisterable.swift */ = {isa = PBXFileReference; lastKnownFileType = sourcecode.swift; path = TableCellRegisterable.swift; sourceTree = "<group>"; };
		FD7C16B6265918AA00A6BE0D /* EventSearchResultCell.swift */ = {isa = PBXFileReference; lastKnownFileType = sourcecode.swift; path = EventSearchResultCell.swift; sourceTree = "<group>"; };
		FD7C16CD265934A500A6BE0D /* EventSearchResultCell.xib */ = {isa = PBXFileReference; lastKnownFileType = file.xib; path = EventSearchResultCell.xib; sourceTree = "<group>"; };
		FD7C16D1265939C500A6BE0D /* Theme.swift */ = {isa = PBXFileReference; lastKnownFileType = sourcecode.swift; path = Theme.swift; sourceTree = "<group>"; };
		FD7C16D72659435E00A6BE0D /* EventDetailViewController.swift */ = {isa = PBXFileReference; lastKnownFileType = sourcecode.swift; path = EventDetailViewController.swift; sourceTree = "<group>"; };
		FD7C16DD2659437900A6BE0D /* EventDetailViewModel.swift */ = {isa = PBXFileReference; lastKnownFileType = sourcecode.swift; path = EventDetailViewModel.swift; sourceTree = "<group>"; };
		FD7C16EE26594ACD00A6BE0D /* StoryboardGettable.swift */ = {isa = PBXFileReference; lastKnownFileType = sourcecode.swift; path = StoryboardGettable.swift; sourceTree = "<group>"; };
		FD7CF90E265A4E3100D246A8 /* BottomButton.swift */ = {isa = PBXFileReference; lastKnownFileType = sourcecode.swift; path = BottomButton.swift; sourceTree = "<group>"; };
		FD7CF912265A50CF00D246A8 /* EventSearchViewControllerTest.swift */ = {isa = PBXFileReference; lastKnownFileType = sourcecode.swift; path = EventSearchViewControllerTest.swift; sourceTree = "<group>"; };
		FD7CF918265A511300D246A8 /* MirrorObject.swift */ = {isa = PBXFileReference; lastKnownFileType = sourcecode.swift; path = MirrorObject.swift; sourceTree = "<group>"; };
		FD7CF926265A526000D246A8 /* MockAPI.swift */ = {isa = PBXFileReference; lastKnownFileType = sourcecode.swift; path = MockAPI.swift; sourceTree = "<group>"; };
		FD7CF92A265A5E1800D246A8 /* DTOExtensions.swift */ = {isa = PBXFileReference; lastKnownFileType = sourcecode.swift; path = DTOExtensions.swift; sourceTree = "<group>"; };
		FD7CF92E265A6B0C00D246A8 /* EventDetailViewControllerTests.swift */ = {isa = PBXFileReference; lastKnownFileType = sourcecode.swift; path = EventDetailViewControllerTests.swift; sourceTree = "<group>"; };
		FD8BA1232658D84400C51685 /* Events.framework */ = {isa = PBXFileReference; explicitFileType = wrapper.framework; path = Events.framework; sourceTree = BUILT_PRODUCTS_DIR; };
		FD8BA1272658D84800C51685 /* NetworkConnection.framework */ = {isa = PBXFileReference; explicitFileType = wrapper.framework; path = NetworkConnection.framework; sourceTree = BUILT_PRODUCTS_DIR; };
		FD9A6CAB265A71CA001F7106 /* MockAlertPresenter.swift */ = {isa = PBXFileReference; lastKnownFileType = sourcecode.swift; path = MockAlertPresenter.swift; sourceTree = "<group>"; };
		FDA8CF702659032000994209 /* AlertPresenter.swift */ = {isa = PBXFileReference; lastKnownFileType = sourcecode.swift; path = AlertPresenter.swift; sourceTree = "<group>"; };
/* End PBXFileReference section */

/* Begin PBXFrameworksBuildPhase section */
		FD58B8BF2657C2E800BD9CE3 /* Frameworks */ = {
			isa = PBXFrameworksBuildPhase;
			buildActionMask = 2147483647;
			files = (
				FD8BA1242658D84400C51685 /* Events.framework in Frameworks */,
				FD8BA1282658D84800C51685 /* NetworkConnection.framework in Frameworks */,
			);
			runOnlyForDeploymentPostprocessing = 0;
		};
		FD58B8D52657C2EA00BD9CE3 /* Frameworks */ = {
			isa = PBXFrameworksBuildPhase;
			buildActionMask = 2147483647;
			files = (
			);
			runOnlyForDeploymentPostprocessing = 0;
		};
		FD58B8E02657C2EB00BD9CE3 /* Frameworks */ = {
			isa = PBXFrameworksBuildPhase;
			buildActionMask = 2147483647;
			files = (
			);
			runOnlyForDeploymentPostprocessing = 0;
		};
/* End PBXFrameworksBuildPhase section */

/* Begin PBXGroup section */
		FD58B8B92657C2E800BD9CE3 = {
			isa = PBXGroup;
			children = (
				FD58B8C42657C2E800BD9CE3 /* Sharecare */,
				FD58B8DB2657C2EA00BD9CE3 /* SharecareTests */,
				FD58B8E62657C2EB00BD9CE3 /* SharecareUITests */,
				FD58B8C32657C2E800BD9CE3 /* Products */,
				FD8BA1222658D84400C51685 /* Frameworks */,
			);
			sourceTree = "<group>";
		};
		FD58B8C32657C2E800BD9CE3 /* Products */ = {
			isa = PBXGroup;
			children = (
				FD58B8C22657C2E800BD9CE3 /* Sharecare.app */,
				FD58B8D82657C2EA00BD9CE3 /* SharecareTests.xctest */,
				FD58B8E32657C2EB00BD9CE3 /* SharecareUITests.xctest */,
			);
			name = Products;
			sourceTree = "<group>";
		};
		FD58B8C42657C2E800BD9CE3 /* Sharecare */ = {
			isa = PBXGroup;
			children = (
				FD58B8F82657C60900BD9CE3 /* AppDelegate */,
				FD58B91B2657C8A800BD9CE3 /* Events */,
				FDA8CF742659032300994209 /* Utilities */,
				FD58B9012657C64800BD9CE3 /* Storyboard */,
				FD58B9002657C63900BD9CE3 /* Resources */,
			);
			path = Sharecare;
			sourceTree = "<group>";
		};
		FD58B8DB2657C2EA00BD9CE3 /* SharecareTests */ = {
			isa = PBXGroup;
			children = (
				FD7CF921265A525100D246A8 /* Tests */,
				FD7CF91C265A524800D246A8 /* Common */,
				FD58B8DE2657C2EA00BD9CE3 /* Info.plist */,
			);
			path = SharecareTests;
			sourceTree = "<group>";
		};
		FD58B8E62657C2EB00BD9CE3 /* SharecareUITests */ = {
			isa = PBXGroup;
			children = (
				FD58B8E72657C2EB00BD9CE3 /* SharecareUITests.swift */,
				FD58B8E92657C2EB00BD9CE3 /* Info.plist */,
			);
			path = SharecareUITests;
			sourceTree = "<group>";
		};
		FD58B8F82657C60900BD9CE3 /* AppDelegate */ = {
			isa = PBXGroup;
			children = (
				FD58B8F92657C60900BD9CE3 /* AppDelegate.swift */,
				FD58B8FA2657C60900BD9CE3 /* SceneDelegate.swift */,
			);
			path = AppDelegate;
			sourceTree = "<group>";
		};
		FD58B9002657C63900BD9CE3 /* Resources */ = {
			isa = PBXGroup;
			children = (
				FD58B8CE2657C2EA00BD9CE3 /* Assets.xcassets */,
				FD58B8D32657C2EA00BD9CE3 /* Info.plist */,
			);
			path = Resources;
			sourceTree = "<group>";
		};
		FD58B9012657C64800BD9CE3 /* Storyboard */ = {
			isa = PBXGroup;
			children = (
				FD58B8CB2657C2E800BD9CE3 /* Main.storyboard */,
				FD58B8D02657C2EA00BD9CE3 /* LaunchScreen.storyboard */,
			);
			path = Storyboard;
			sourceTree = "<group>";
		};
		FD58B90D2657C82600BD9CE3 /* EventSearch */ = {
			isa = PBXGroup;
			children = (
				FD7C16BA265918AE00A6BE0D /* Cells */,
				FD58B9112657C83800BD9CE3 /* ViewController */,
				FD58B9242657C8F200BD9CE3 /* ViewModel */,
			);
			path = EventSearch;
			sourceTree = "<group>";
		};
		FD58B9112657C83800BD9CE3 /* ViewController */ = {
			isa = PBXGroup;
			children = (
				FD58B9082657C81700BD9CE3 /* EventSearchViewController.swift */,
			);
			path = ViewController;
			sourceTree = "<group>";
		};
		FD58B91B2657C8A800BD9CE3 /* Events */ = {
			isa = PBXGroup;
			children = (
				FD58B90D2657C82600BD9CE3 /* EventSearch */,
				FD7C16E9265943A100A6BE0D /* EventDetail */,
			);
			path = Events;
			sourceTree = "<group>";
		};
		FD58B9242657C8F200BD9CE3 /* ViewModel */ = {
			isa = PBXGroup;
			children = (
				FD58B91F2657C8EB00BD9CE3 /* EventSearchViewModel.swift */,
			);
			path = ViewModel;
			sourceTree = "<group>";
		};
		FD5B52C1265A3380004DB83C /* Views */ = {
			isa = PBXGroup;
			children = (
				FD5B52B9265A336E004DB83C /* EventDetailCell.swift */,
				FD5B52BD265A337B004DB83C /* EventDetailCell.xib */,
				FD7CF90E265A4E3100D246A8 /* BottomButton.swift */,
			);
			path = Views;
			sourceTree = "<group>";
		};
		FD7C16BA265918AE00A6BE0D /* Cells */ = {
			isa = PBXGroup;
			children = (
				FD7C16B6265918AA00A6BE0D /* EventSearchResultCell.swift */,
				FD7C16CD265934A500A6BE0D /* EventSearchResultCell.xib */,
			);
			path = Cells;
			sourceTree = "<group>";
		};
		FD7C16E12659437E00A6BE0D /* ViewController */ = {
			isa = PBXGroup;
			children = (
				FD7C16D72659435E00A6BE0D /* EventDetailViewController.swift */,
			);
			path = ViewController;
			sourceTree = "<group>";
		};
		FD7C16E42659438C00A6BE0D /* ViewModel */ = {
			isa = PBXGroup;
			children = (
				FD7C16DD2659437900A6BE0D /* EventDetailViewModel.swift */,
			);
			path = ViewModel;
			sourceTree = "<group>";
		};
		FD7C16E9265943A100A6BE0D /* EventDetail */ = {
			isa = PBXGroup;
			children = (
				FD5B52C1265A3380004DB83C /* Views */,
				FD7C16E12659437E00A6BE0D /* ViewController */,
				FD7C16E42659438C00A6BE0D /* ViewModel */,
			);
			path = EventDetail;
			sourceTree = "<group>";
		};
		FD7CF91C265A524800D246A8 /* Common */ = {
			isa = PBXGroup;
			children = (
				FD7CF918265A511300D246A8 /* MirrorObject.swift */,
				FD7CF926265A526000D246A8 /* MockAPI.swift */,
				FD7CF92A265A5E1800D246A8 /* DTOExtensions.swift */,
				FD9A6CAB265A71CA001F7106 /* MockAlertPresenter.swift */,
			);
			path = Common;
			sourceTree = "<group>";
		};
		FD7CF921265A525100D246A8 /* Tests */ = {
			isa = PBXGroup;
			children = (
				FD7CF912265A50CF00D246A8 /* EventSearchViewControllerTest.swift */,
				FD7CF92E265A6B0C00D246A8 /* EventDetailViewControllerTests.swift */,
			);
			path = Tests;
			sourceTree = "<group>";
		};
		FD8BA1222658D84400C51685 /* Frameworks */ = {
			isa = PBXGroup;
			children = (
				FD8BA1272658D84800C51685 /* NetworkConnection.framework */,
				FD8BA1232658D84400C51685 /* Events.framework */,
			);
			name = Frameworks;
			sourceTree = "<group>";
		};
		FDA8CF742659032300994209 /* Utilities */ = {
			isa = PBXGroup;
			children = (
				FDA8CF702659032000994209 /* AlertPresenter.swift */,
				FD7C16B0265912AD00A6BE0D /* TableCellRegisterable.swift */,
				FD7C16D1265939C500A6BE0D /* Theme.swift */,
				FD7C16EE26594ACD00A6BE0D /* StoryboardGettable.swift */,
			);
			path = Utilities;
			sourceTree = "<group>";
		};
/* End PBXGroup section */

/* Begin PBXNativeTarget section */
		FD58B8C12657C2E800BD9CE3 /* Sharecare */ = {
			isa = PBXNativeTarget;
			buildConfigurationList = FD58B8EC2657C2EB00BD9CE3 /* Build configuration list for PBXNativeTarget "Sharecare" */;
			buildPhases = (
				FD58B8BE2657C2E800BD9CE3 /* Sources */,
				FD58B8BF2657C2E800BD9CE3 /* Frameworks */,
				FD58B8C02657C2E800BD9CE3 /* Resources */,
				FD8BA1262658D84400C51685 /* Embed Frameworks */,
			);
			buildRules = (
			);
			dependencies = (
			);
			name = Sharecare;
			productName = Sharecare;
			productReference = FD58B8C22657C2E800BD9CE3 /* Sharecare.app */;
			productType = "com.apple.product-type.application";
		};
		FD58B8D72657C2EA00BD9CE3 /* SharecareTests */ = {
			isa = PBXNativeTarget;
			buildConfigurationList = FD58B8EF2657C2EB00BD9CE3 /* Build configuration list for PBXNativeTarget "SharecareTests" */;
			buildPhases = (
				FD58B8D42657C2EA00BD9CE3 /* Sources */,
				FD58B8D52657C2EA00BD9CE3 /* Frameworks */,
				FD58B8D62657C2EA00BD9CE3 /* Resources */,
			);
			buildRules = (
			);
			dependencies = (
				FD58B8DA2657C2EA00BD9CE3 /* PBXTargetDependency */,
			);
			name = SharecareTests;
			productName = SharecareTests;
			productReference = FD58B8D82657C2EA00BD9CE3 /* SharecareTests.xctest */;
			productType = "com.apple.product-type.bundle.unit-test";
		};
		FD58B8E22657C2EB00BD9CE3 /* SharecareUITests */ = {
			isa = PBXNativeTarget;
			buildConfigurationList = FD58B8F22657C2EB00BD9CE3 /* Build configuration list for PBXNativeTarget "SharecareUITests" */;
			buildPhases = (
				FD58B8DF2657C2EB00BD9CE3 /* Sources */,
				FD58B8E02657C2EB00BD9CE3 /* Frameworks */,
				FD58B8E12657C2EB00BD9CE3 /* Resources */,
			);
			buildRules = (
			);
			dependencies = (
				FD58B8E52657C2EB00BD9CE3 /* PBXTargetDependency */,
			);
			name = SharecareUITests;
			productName = SharecareUITests;
			productReference = FD58B8E32657C2EB00BD9CE3 /* SharecareUITests.xctest */;
			productType = "com.apple.product-type.bundle.ui-testing";
		};
/* End PBXNativeTarget section */

/* Begin PBXProject section */
		FD58B8BA2657C2E800BD9CE3 /* Project object */ = {
			isa = PBXProject;
			attributes = {
				LastSwiftUpdateCheck = 1240;
				LastUpgradeCheck = 1240;
				TargetAttributes = {
					FD58B8C12657C2E800BD9CE3 = {
						CreatedOnToolsVersion = 12.4;
					};
					FD58B8D72657C2EA00BD9CE3 = {
						CreatedOnToolsVersion = 12.4;
						TestTargetID = FD58B8C12657C2E800BD9CE3;
					};
					FD58B8E22657C2EB00BD9CE3 = {
						CreatedOnToolsVersion = 12.4;
						TestTargetID = FD58B8C12657C2E800BD9CE3;
					};
				};
			};
			buildConfigurationList = FD58B8BD2657C2E800BD9CE3 /* Build configuration list for PBXProject "Sharecare" */;
			compatibilityVersion = "Xcode 9.3";
			developmentRegion = en;
			hasScannedForEncodings = 0;
			knownRegions = (
				en,
				Base,
			);
			mainGroup = FD58B8B92657C2E800BD9CE3;
			productRefGroup = FD58B8C32657C2E800BD9CE3 /* Products */;
			projectDirPath = "";
			projectRoot = "";
			targets = (
				FD58B8C12657C2E800BD9CE3 /* Sharecare */,
				FD58B8D72657C2EA00BD9CE3 /* SharecareTests */,
				FD58B8E22657C2EB00BD9CE3 /* SharecareUITests */,
			);
		};
/* End PBXProject section */

/* Begin PBXResourcesBuildPhase section */
		FD58B8C02657C2E800BD9CE3 /* Resources */ = {
			isa = PBXResourcesBuildPhase;
			buildActionMask = 2147483647;
			files = (
				FD58B8D22657C2EA00BD9CE3 /* LaunchScreen.storyboard in Resources */,
				FD5B52BE265A337B004DB83C /* EventDetailCell.xib in Resources */,
				FD7C16CE265934A500A6BE0D /* EventSearchResultCell.xib in Resources */,
				FD58B8CF2657C2EA00BD9CE3 /* Assets.xcassets in Resources */,
				FD58B8CD2657C2E800BD9CE3 /* Main.storyboard in Resources */,
			);
			runOnlyForDeploymentPostprocessing = 0;
		};
		FD58B8D62657C2EA00BD9CE3 /* Resources */ = {
			isa = PBXResourcesBuildPhase;
			buildActionMask = 2147483647;
			files = (
			);
			runOnlyForDeploymentPostprocessing = 0;
		};
		FD58B8E12657C2EB00BD9CE3 /* Resources */ = {
			isa = PBXResourcesBuildPhase;
			buildActionMask = 2147483647;
			files = (
			);
			runOnlyForDeploymentPostprocessing = 0;
		};
/* End PBXResourcesBuildPhase section */

/* Begin PBXSourcesBuildPhase section */
		FD58B8BE2657C2E800BD9CE3 /* Sources */ = {
			isa = PBXSourcesBuildPhase;
			buildActionMask = 2147483647;
			files = (
				FD7C16EF26594ACD00A6BE0D /* StoryboardGettable.swift in Sources */,
				FDA8CF712659032000994209 /* AlertPresenter.swift in Sources */,
				FD7C16D2265939C500A6BE0D /* Theme.swift in Sources */,
				FD58B8FB2657C60900BD9CE3 /* AppDelegate.swift in Sources */,
				FD7C16D82659435E00A6BE0D /* EventDetailViewController.swift in Sources */,
				FD5B52BA265A336E004DB83C /* EventDetailCell.swift in Sources */,
				FD7C16DE2659437900A6BE0D /* EventDetailViewModel.swift in Sources */,
				FD7C16B7265918AA00A6BE0D /* EventSearchResultCell.swift in Sources */,
				FD58B9202657C8EB00BD9CE3 /* EventSearchViewModel.swift in Sources */,
				FD7CF90F265A4E3100D246A8 /* BottomButton.swift in Sources */,
				FD7C16B1265912AD00A6BE0D /* TableCellRegisterable.swift in Sources */,
				FD58B9092657C81700BD9CE3 /* EventSearchViewController.swift in Sources */,
				FD58B8FC2657C60900BD9CE3 /* SceneDelegate.swift in Sources */,
			);
			runOnlyForDeploymentPostprocessing = 0;
		};
		FD58B8D42657C2EA00BD9CE3 /* Sources */ = {
			isa = PBXSourcesBuildPhase;
			buildActionMask = 2147483647;
			files = (
				FD7CF913265A50CF00D246A8 /* EventSearchViewControllerTest.swift in Sources */,
				FD7CF92B265A5E1800D246A8 /* DTOExtensions.swift in Sources */,
				FD7CF927265A526000D246A8 /* MockAPI.swift in Sources */,
				FD9A6CAC265A71CA001F7106 /* MockAlertPresenter.swift in Sources */,
				FD7CF919265A511300D246A8 /* MirrorObject.swift in Sources */,
				FD7CF92F265A6B0C00D246A8 /* EventDetailViewControllerTests.swift in Sources */,
			);
			runOnlyForDeploymentPostprocessing = 0;
		};
		FD58B8DF2657C2EB00BD9CE3 /* Sources */ = {
			isa = PBXSourcesBuildPhase;
			buildActionMask = 2147483647;
			files = (
				FD58B8E82657C2EB00BD9CE3 /* SharecareUITests.swift in Sources */,
			);
			runOnlyForDeploymentPostprocessing = 0;
		};
/* End PBXSourcesBuildPhase section */

/* Begin PBXTargetDependency section */
		FD58B8DA2657C2EA00BD9CE3 /* PBXTargetDependency */ = {
			isa = PBXTargetDependency;
			target = FD58B8C12657C2E800BD9CE3 /* Sharecare */;
			targetProxy = FD58B8D92657C2EA00BD9CE3 /* PBXContainerItemProxy */;
		};
		FD58B8E52657C2EB00BD9CE3 /* PBXTargetDependency */ = {
			isa = PBXTargetDependency;
			target = FD58B8C12657C2E800BD9CE3 /* Sharecare */;
			targetProxy = FD58B8E42657C2EB00BD9CE3 /* PBXContainerItemProxy */;
		};
/* End PBXTargetDependency section */

/* Begin PBXVariantGroup section */
		FD58B8CB2657C2E800BD9CE3 /* Main.storyboard */ = {
			isa = PBXVariantGroup;
			children = (
				FD58B8CC2657C2E800BD9CE3 /* Base */,
			);
			name = Main.storyboard;
			sourceTree = "<group>";
		};
		FD58B8D02657C2EA00BD9CE3 /* LaunchScreen.storyboard */ = {
			isa = PBXVariantGroup;
			children = (
				FD58B8D12657C2EA00BD9CE3 /* Base */,
			);
			name = LaunchScreen.storyboard;
			sourceTree = "<group>";
		};
/* End PBXVariantGroup section */

/* Begin XCBuildConfiguration section */
		FD58B8EA2657C2EB00BD9CE3 /* Debug */ = {
			isa = XCBuildConfiguration;
			buildSettings = {
				ALWAYS_SEARCH_USER_PATHS = NO;
				CLANG_ANALYZER_NONNULL = YES;
				CLANG_ANALYZER_NUMBER_OBJECT_CONVERSION = YES_AGGRESSIVE;
				CLANG_CXX_LANGUAGE_STANDARD = "gnu++14";
				CLANG_CXX_LIBRARY = "libc++";
				CLANG_ENABLE_MODULES = YES;
				CLANG_ENABLE_OBJC_ARC = YES;
				CLANG_ENABLE_OBJC_WEAK = YES;
				CLANG_WARN_BLOCK_CAPTURE_AUTORELEASING = YES;
				CLANG_WARN_BOOL_CONVERSION = YES;
				CLANG_WARN_COMMA = YES;
				CLANG_WARN_CONSTANT_CONVERSION = YES;
				CLANG_WARN_DEPRECATED_OBJC_IMPLEMENTATIONS = YES;
				CLANG_WARN_DIRECT_OBJC_ISA_USAGE = YES_ERROR;
				CLANG_WARN_DOCUMENTATION_COMMENTS = YES;
				CLANG_WARN_EMPTY_BODY = YES;
				CLANG_WARN_ENUM_CONVERSION = YES;
				CLANG_WARN_INFINITE_RECURSION = YES;
				CLANG_WARN_INT_CONVERSION = YES;
				CLANG_WARN_NON_LITERAL_NULL_CONVERSION = YES;
				CLANG_WARN_OBJC_IMPLICIT_RETAIN_SELF = YES;
				CLANG_WARN_OBJC_LITERAL_CONVERSION = YES;
				CLANG_WARN_OBJC_ROOT_CLASS = YES_ERROR;
				CLANG_WARN_QUOTED_INCLUDE_IN_FRAMEWORK_HEADER = YES;
				CLANG_WARN_RANGE_LOOP_ANALYSIS = YES;
				CLANG_WARN_STRICT_PROTOTYPES = YES;
				CLANG_WARN_SUSPICIOUS_MOVE = YES;
				CLANG_WARN_UNGUARDED_AVAILABILITY = YES_AGGRESSIVE;
				CLANG_WARN_UNREACHABLE_CODE = YES;
				CLANG_WARN__DUPLICATE_METHOD_MATCH = YES;
				COPY_PHASE_STRIP = NO;
				DEBUG_INFORMATION_FORMAT = dwarf;
				ENABLE_STRICT_OBJC_MSGSEND = YES;
				ENABLE_TESTABILITY = YES;
				GCC_C_LANGUAGE_STANDARD = gnu11;
				GCC_DYNAMIC_NO_PIC = NO;
				GCC_NO_COMMON_BLOCKS = YES;
				GCC_OPTIMIZATION_LEVEL = 0;
				GCC_PREPROCESSOR_DEFINITIONS = (
					"DEBUG=1",
					"$(inherited)",
				);
				GCC_WARN_64_TO_32_BIT_CONVERSION = YES;
				GCC_WARN_ABOUT_RETURN_TYPE = YES_ERROR;
				GCC_WARN_UNDECLARED_SELECTOR = YES;
				GCC_WARN_UNINITIALIZED_AUTOS = YES_AGGRESSIVE;
				GCC_WARN_UNUSED_FUNCTION = YES;
				GCC_WARN_UNUSED_VARIABLE = YES;
				IPHONEOS_DEPLOYMENT_TARGET = 14.4;
				MTL_ENABLE_DEBUG_INFO = INCLUDE_SOURCE;
				MTL_FAST_MATH = YES;
				ONLY_ACTIVE_ARCH = YES;
				SDKROOT = iphoneos;
				SWIFT_ACTIVE_COMPILATION_CONDITIONS = DEBUG;
				SWIFT_OPTIMIZATION_LEVEL = "-Onone";
			};
			name = Debug;
		};
		FD58B8EB2657C2EB00BD9CE3 /* Release */ = {
			isa = XCBuildConfiguration;
			buildSettings = {
				ALWAYS_SEARCH_USER_PATHS = NO;
				CLANG_ANALYZER_NONNULL = YES;
				CLANG_ANALYZER_NUMBER_OBJECT_CONVERSION = YES_AGGRESSIVE;
				CLANG_CXX_LANGUAGE_STANDARD = "gnu++14";
				CLANG_CXX_LIBRARY = "libc++";
				CLANG_ENABLE_MODULES = YES;
				CLANG_ENABLE_OBJC_ARC = YES;
				CLANG_ENABLE_OBJC_WEAK = YES;
				CLANG_WARN_BLOCK_CAPTURE_AUTORELEASING = YES;
				CLANG_WARN_BOOL_CONVERSION = YES;
				CLANG_WARN_COMMA = YES;
				CLANG_WARN_CONSTANT_CONVERSION = YES;
				CLANG_WARN_DEPRECATED_OBJC_IMPLEMENTATIONS = YES;
				CLANG_WARN_DIRECT_OBJC_ISA_USAGE = YES_ERROR;
				CLANG_WARN_DOCUMENTATION_COMMENTS = YES;
				CLANG_WARN_EMPTY_BODY = YES;
				CLANG_WARN_ENUM_CONVERSION = YES;
				CLANG_WARN_INFINITE_RECURSION = YES;
				CLANG_WARN_INT_CONVERSION = YES;
				CLANG_WARN_NON_LITERAL_NULL_CONVERSION = YES;
				CLANG_WARN_OBJC_IMPLICIT_RETAIN_SELF = YES;
				CLANG_WARN_OBJC_LITERAL_CONVERSION = YES;
				CLANG_WARN_OBJC_ROOT_CLASS = YES_ERROR;
				CLANG_WARN_QUOTED_INCLUDE_IN_FRAMEWORK_HEADER = YES;
				CLANG_WARN_RANGE_LOOP_ANALYSIS = YES;
				CLANG_WARN_STRICT_PROTOTYPES = YES;
				CLANG_WARN_SUSPICIOUS_MOVE = YES;
				CLANG_WARN_UNGUARDED_AVAILABILITY = YES_AGGRESSIVE;
				CLANG_WARN_UNREACHABLE_CODE = YES;
				CLANG_WARN__DUPLICATE_METHOD_MATCH = YES;
				COPY_PHASE_STRIP = NO;
				DEBUG_INFORMATION_FORMAT = "dwarf-with-dsym";
				ENABLE_NS_ASSERTIONS = NO;
				ENABLE_STRICT_OBJC_MSGSEND = YES;
				GCC_C_LANGUAGE_STANDARD = gnu11;
				GCC_NO_COMMON_BLOCKS = YES;
				GCC_WARN_64_TO_32_BIT_CONVERSION = YES;
				GCC_WARN_ABOUT_RETURN_TYPE = YES_ERROR;
				GCC_WARN_UNDECLARED_SELECTOR = YES;
				GCC_WARN_UNINITIALIZED_AUTOS = YES_AGGRESSIVE;
				GCC_WARN_UNUSED_FUNCTION = YES;
				GCC_WARN_UNUSED_VARIABLE = YES;
				IPHONEOS_DEPLOYMENT_TARGET = 14.4;
				MTL_ENABLE_DEBUG_INFO = NO;
				MTL_FAST_MATH = YES;
				SDKROOT = iphoneos;
				SWIFT_COMPILATION_MODE = wholemodule;
				SWIFT_OPTIMIZATION_LEVEL = "-O";
				VALIDATE_PRODUCT = YES;
			};
			name = Release;
		};
		FD58B8ED2657C2EB00BD9CE3 /* Debug */ = {
			isa = XCBuildConfiguration;
			buildSettings = {
				ASSETCATALOG_COMPILER_APPICON_NAME = AppIcon;
				ASSETCATALOG_COMPILER_GLOBAL_ACCENT_COLOR_NAME = AccentColor;
				CODE_SIGN_STYLE = Automatic;
				INFOPLIST_FILE = Sharecare/Resources/Info.plist;
				LD_RUNPATH_SEARCH_PATHS = (
					"$(inherited)",
					"@executable_path/Frameworks",
				);
				PRODUCT_BUNDLE_IDENTIFIER = magplus.Sharecare;
				PRODUCT_NAME = "$(TARGET_NAME)";
				SWIFT_VERSION = 5.0;
				TARGETED_DEVICE_FAMILY = "1,2";
			};
			name = Debug;
		};
		FD58B8EE2657C2EB00BD9CE3 /* Release */ = {
			isa = XCBuildConfiguration;
			buildSettings = {
				ASSETCATALOG_COMPILER_APPICON_NAME = AppIcon;
				ASSETCATALOG_COMPILER_GLOBAL_ACCENT_COLOR_NAME = AccentColor;
				CODE_SIGN_STYLE = Automatic;
				INFOPLIST_FILE = Sharecare/Resources/Info.plist;
				LD_RUNPATH_SEARCH_PATHS = (
					"$(inherited)",
					"@executable_path/Frameworks",
				);
				PRODUCT_BUNDLE_IDENTIFIER = magplus.Sharecare;
				PRODUCT_NAME = "$(TARGET_NAME)";
				SWIFT_VERSION = 5.0;
				TARGETED_DEVICE_FAMILY = "1,2";
			};
			name = Release;
		};
		FD58B8F02657C2EB00BD9CE3 /* Debug */ = {
			isa = XCBuildConfiguration;
			buildSettings = {
				ALWAYS_EMBED_SWIFT_STANDARD_LIBRARIES = YES;
				BUNDLE_LOADER = "$(TEST_HOST)";
				CODE_SIGN_STYLE = Automatic;
				INFOPLIST_FILE = SharecareTests/Info.plist;
				IPHONEOS_DEPLOYMENT_TARGET = 14.4;
				LD_RUNPATH_SEARCH_PATHS = (
					"$(inherited)",
					"@executable_path/Frameworks",
					"@loader_path/Frameworks",
				);
				PRODUCT_BUNDLE_IDENTIFIER = magplus.SharecareTests;
				PRODUCT_NAME = "$(TARGET_NAME)";
				SWIFT_VERSION = 5.0;
				TARGETED_DEVICE_FAMILY = "1,2";
				TEST_HOST = "$(BUILT_PRODUCTS_DIR)/Sharecare.app/Sharecare";
			};
			name = Debug;
		};
		FD58B8F12657C2EB00BD9CE3 /* Release */ = {
			isa = XCBuildConfiguration;
			buildSettings = {
				ALWAYS_EMBED_SWIFT_STANDARD_LIBRARIES = YES;
				BUNDLE_LOADER = "$(TEST_HOST)";
				CODE_SIGN_STYLE = Automatic;
				INFOPLIST_FILE = SharecareTests/Info.plist;
				IPHONEOS_DEPLOYMENT_TARGET = 14.4;
				LD_RUNPATH_SEARCH_PATHS = (
					"$(inherited)",
					"@executable_path/Frameworks",
					"@loader_path/Frameworks",
				);
				PRODUCT_BUNDLE_IDENTIFIER = magplus.SharecareTests;
				PRODUCT_NAME = "$(TARGET_NAME)";
				SWIFT_VERSION = 5.0;
				TARGETED_DEVICE_FAMILY = "1,2";
				TEST_HOST = "$(BUILT_PRODUCTS_DIR)/Sharecare.app/Sharecare";
			};
			name = Release;
		};
		FD58B8F32657C2EB00BD9CE3 /* Debug */ = {
			isa = XCBuildConfiguration;
			buildSettings = {
				ALWAYS_EMBED_SWIFT_STANDARD_LIBRARIES = YES;
				CODE_SIGN_STYLE = Automatic;
				INFOPLIST_FILE = SharecareUITests/Info.plist;
				LD_RUNPATH_SEARCH_PATHS = (
					"$(inherited)",
					"@executable_path/Frameworks",
					"@loader_path/Frameworks",
				);
				PRODUCT_BUNDLE_IDENTIFIER = magplus.SharecareUITests;
				PRODUCT_NAME = "$(TARGET_NAME)";
				SWIFT_VERSION = 5.0;
				TARGETED_DEVICE_FAMILY = "1,2";
				TEST_TARGET_NAME = Sharecare;
			};
			name = Debug;
		};
		FD58B8F42657C2EB00BD9CE3 /* Release */ = {
			isa = XCBuildConfiguration;
			buildSettings = {
				ALWAYS_EMBED_SWIFT_STANDARD_LIBRARIES = YES;
				CODE_SIGN_STYLE = Automatic;
				INFOPLIST_FILE = SharecareUITests/Info.plist;
				LD_RUNPATH_SEARCH_PATHS = (
					"$(inherited)",
					"@executable_path/Frameworks",
					"@loader_path/Frameworks",
				);
				PRODUCT_BUNDLE_IDENTIFIER = magplus.SharecareUITests;
				PRODUCT_NAME = "$(TARGET_NAME)";
				SWIFT_VERSION = 5.0;
				TARGETED_DEVICE_FAMILY = "1,2";
				TEST_TARGET_NAME = Sharecare;
			};
			name = Release;
		};
/* End XCBuildConfiguration section */

/* Begin XCConfigurationList section */
		FD58B8BD2657C2E800BD9CE3 /* Build configuration list for PBXProject "Sharecare" */ = {
			isa = XCConfigurationList;
			buildConfigurations = (
				FD58B8EA2657C2EB00BD9CE3 /* Debug */,
				FD58B8EB2657C2EB00BD9CE3 /* Release */,
			);
			defaultConfigurationIsVisible = 0;
			defaultConfigurationName = Release;
		};
		FD58B8EC2657C2EB00BD9CE3 /* Build configuration list for PBXNativeTarget "Sharecare" */ = {
			isa = XCConfigurationList;
			buildConfigurations = (
				FD58B8ED2657C2EB00BD9CE3 /* Debug */,
				FD58B8EE2657C2EB00BD9CE3 /* Release */,
			);
			defaultConfigurationIsVisible = 0;
			defaultConfigurationName = Release;
		};
		FD58B8EF2657C2EB00BD9CE3 /* Build configuration list for PBXNativeTarget "SharecareTests" */ = {
			isa = XCConfigurationList;
			buildConfigurations = (
				FD58B8F02657C2EB00BD9CE3 /* Debug */,
				FD58B8F12657C2EB00BD9CE3 /* Release */,
			);
			defaultConfigurationIsVisible = 0;
			defaultConfigurationName = Release;
		};
		FD58B8F22657C2EB00BD9CE3 /* Build configuration list for PBXNativeTarget "SharecareUITests" */ = {
			isa = XCConfigurationList;
			buildConfigurations = (
				FD58B8F32657C2EB00BD9CE3 /* Debug */,
				FD58B8F42657C2EB00BD9CE3 /* Release */,
			);
			defaultConfigurationIsVisible = 0;
			defaultConfigurationName = Release;
		};
/* End XCConfigurationList section */
	};
	rootObject = FD58B8BA2657C2E800BD9CE3 /* Project object */;
}
